// !$*UTF8*$!
{
	archiveVersion = 1;
	classes = {
	};
	objectVersion = 46;
	objects = {

/* Begin PBXBuildFile section */
		955B72731A1B40910038F0E8 /* main.m in Sources */ = {isa = PBXBuildFile; fileRef = 955B72721A1B40910038F0E8 /* main.m */; };
		955B72761A1B40910038F0E8 /* AppDelegate.m in Sources */ = {isa = PBXBuildFile; fileRef = 955B72751A1B40910038F0E8 /* AppDelegate.m */; };
		955B72791A1B40910038F0E8 /* ViewController.m in Sources */ = {isa = PBXBuildFile; fileRef = 955B72781A1B40910038F0E8 /* ViewController.m */; };
		955B727C1A1B40910038F0E8 /* Main.storyboard in Resources */ = {isa = PBXBuildFile; fileRef = 955B727A1A1B40910038F0E8 /* Main.storyboard */; };
		955B727E1A1B40910038F0E8 /* Images.xcassets in Resources */ = {isa = PBXBuildFile; fileRef = 955B727D1A1B40910038F0E8 /* Images.xcassets */; };
		955B72811A1B40910038F0E8 /* LaunchScreen.xib in Resources */ = {isa = PBXBuildFile; fileRef = 955B727F1A1B40910038F0E8 /* LaunchScreen.xib */; };
		955B728D1A1B40910038F0E8 /* GPAiOSTests.m in Sources */ = {isa = PBXBuildFile; fileRef = 955B728C1A1B40910038F0E8 /* GPAiOSTests.m */; };
		958E069F1A1B461A0074AA63 /* gpaClass.m in Sources */ = {isa = PBXBuildFile; fileRef = 958E069E1A1B461A0074AA63 /* gpaClass.m */; };
		95F2CFBF1A1D19B800719560 /* gradeConverter.m in Sources */ = {isa = PBXBuildFile; fileRef = 95F2CFBE1A1D19B800719560 /* gradeConverter.m */; };
/* End PBXBuildFile section */

/* Begin PBXContainerItemProxy section */
		955B72871A1B40910038F0E8 /* PBXContainerItemProxy */ = {
			isa = PBXContainerItemProxy;
			containerPortal = 955B72651A1B40910038F0E8 /* Project object */;
			proxyType = 1;
			remoteGlobalIDString = 955B726C1A1B40910038F0E8;
			remoteInfo = GPAiOS;
		};
/* End PBXContainerItemProxy section */

/* Begin PBXFileReference section */
		9512B7F81A1BDC47007E8A52 /* gradeConverter.h */ = {isa = PBXFileReference; lastKnownFileType = sourcecode.c.h; path = gradeConverter.h; sourceTree = "<group>"; };
		9512B7FB1A1BE144007E8A52 /* gpaClass.h */ = {isa = PBXFileReference; lastKnownFileType = sourcecode.c.h; path = gpaClass.h; sourceTree = "<group>"; };
		955B726D1A1B40910038F0E8 /* GPAiOS.app */ = {isa = PBXFileReference; explicitFileType = wrapper.application; includeInIndex = 0; path = GPAiOS.app; sourceTree = BUILT_PRODUCTS_DIR; };
		955B72711A1B40910038F0E8 /* Info.plist */ = {isa = PBXFileReference; lastKnownFileType = text.plist.xml; path = Info.plist; sourceTree = "<group>"; };
		955B72721A1B40910038F0E8 /* main.m */ = {isa = PBXFileReference; lastKnownFileType = sourcecode.c.objc; path = main.m; sourceTree = "<group>"; };
		955B72741A1B40910038F0E8 /* AppDelegate.h */ = {isa = PBXFileReference; lastKnownFileType = sourcecode.c.h; path = AppDelegate.h; sourceTree = "<group>"; };
		955B72751A1B40910038F0E8 /* AppDelegate.m */ = {isa = PBXFileReference; lastKnownFileType = sourcecode.c.objc; path = AppDelegate.m; sourceTree = "<group>"; };
		955B72771A1B40910038F0E8 /* ViewController.h */ = {isa = PBXFileReference; lastKnownFileType = sourcecode.c.h; path = ViewController.h; sourceTree = "<group>"; };
		955B72781A1B40910038F0E8 /* ViewController.m */ = {isa = PBXFileReference; lastKnownFileType = sourcecode.c.objc; path = ViewController.m; sourceTree = "<group>"; };
		955B727B1A1B40910038F0E8 /* Base */ = {isa = PBXFileReference; lastKnownFileType = file.storyboard; name = Base; path = Base.lproj/Main.storyboard; sourceTree = "<group>"; };
		955B727D1A1B40910038F0E8 /* Images.xcassets */ = {isa = PBXFileReference; lastKnownFileType = folder.assetcatalog; path = Images.xcassets; sourceTree = "<group>"; };
		955B72801A1B40910038F0E8 /* Base */ = {isa = PBXFileReference; lastKnownFileType = file.xib; name = Base; path = Base.lproj/LaunchScreen.xib; sourceTree = "<group>"; };
		955B72861A1B40910038F0E8 /* GPAiOSTests.xctest */ = {isa = PBXFileReference; explicitFileType = wrapper.cfbundle; includeInIndex = 0; path = GPAiOSTests.xctest; sourceTree = BUILT_PRODUCTS_DIR; };
		955B728B1A1B40910038F0E8 /* Info.plist */ = {isa = PBXFileReference; lastKnownFileType = text.plist.xml; path = Info.plist; sourceTree = "<group>"; };
		955B728C1A1B40910038F0E8 /* GPAiOSTests.m */ = {isa = PBXFileReference; lastKnownFileType = sourcecode.c.objc; path = GPAiOSTests.m; sourceTree = "<group>"; };
		958E069E1A1B461A0074AA63 /* gpaClass.m */ = {isa = PBXFileReference; fileEncoding = 4; lastKnownFileType = sourcecode.c.objc; path = gpaClass.m; sourceTree = "<group>"; };
		95F2CFBE1A1D19B800719560 /* gradeConverter.m */ = {isa = PBXFileReference; fileEncoding = 4; lastKnownFileType = sourcecode.c.objc; name = gradeConverter.m; path = ../gradeConverter.m; sourceTree = "<group>"; };
/* End PBXFileReference section */

/* Begin PBXFrameworksBuildPhase section */
		955B726A1A1B40910038F0E8 /* Frameworks */ = {
			isa = PBXFrameworksBuildPhase;
			buildActionMask = 2147483647;
			files = (
			);
			runOnlyForDeploymentPostprocessing = 0;
		};
		955B72831A1B40910038F0E8 /* Frameworks */ = {
			isa = PBXFrameworksBuildPhase;
			buildActionMask = 2147483647;
			files = (
			);
			runOnlyForDeploymentPostprocessing = 0;
		};
/* End PBXFrameworksBuildPhase section */

/* Begin PBXGroup section */
		955B72641A1B40910038F0E8 = {
			isa = PBXGroup;
			children = (
				955B726F1A1B40910038F0E8 /* GPAiOS */,
				955B72891A1B40910038F0E8 /* GPAiOSTests */,
				955B726E1A1B40910038F0E8 /* Products */,
			);
			sourceTree = "<group>";
		};
		955B726E1A1B40910038F0E8 /* Products */ = {
			isa = PBXGroup;
			children = (
				955B726D1A1B40910038F0E8 /* GPAiOS.app */,
				955B72861A1B40910038F0E8 /* GPAiOSTests.xctest */,
			);
			name = Products;
			sourceTree = "<group>";
		};
		955B726F1A1B40910038F0E8 /* GPAiOS */ = {
			isa = PBXGroup;
			children = (
				955B72741A1B40910038F0E8 /* AppDelegate.h */,
				955B72751A1B40910038F0E8 /* AppDelegate.m */,
				955B72771A1B40910038F0E8 /* ViewController.h */,
				955B72781A1B40910038F0E8 /* ViewController.m */,
				9512B7F81A1BDC47007E8A52 /* gradeConverter.h */,
				95F2CFBE1A1D19B800719560 /* gradeConverter.m */,
				9512B7FB1A1BE144007E8A52 /* gpaClass.h */,
				958E069E1A1B461A0074AA63 /* gpaClass.m */,
				955B727A1A1B40910038F0E8 /* Main.storyboard */,
				955B727D1A1B40910038F0E8 /* Images.xcassets */,
				955B727F1A1B40910038F0E8 /* LaunchScreen.xib */,
				955B72701A1B40910038F0E8 /* Supporting Files */,
			);
			path = GPAiOS;
			sourceTree = "<group>";
		};
		955B72701A1B40910038F0E8 /* Supporting Files */ = {
			isa = PBXGroup;
			children = (
				955B72711A1B40910038F0E8 /* Info.plist */,
				955B72721A1B40910038F0E8 /* main.m */,
			);
			name = "Supporting Files";
			sourceTree = "<group>";
		};
		955B72891A1B40910038F0E8 /* GPAiOSTests */ = {
			isa = PBXGroup;
			children = (
				955B728C1A1B40910038F0E8 /* GPAiOSTests.m */,
				955B728A1A1B40910038F0E8 /* Supporting Files */,
			);
			path = GPAiOSTests;
			sourceTree = "<group>";
		};
		955B728A1A1B40910038F0E8 /* Supporting Files */ = {
			isa = PBXGroup;
			children = (
				955B728B1A1B40910038F0E8 /* Info.plist */,
			);
			name = "Supporting Files";
			sourceTree = "<group>";
		};
/* End PBXGroup section */

/* Begin PBXNativeTarget section */
		955B726C1A1B40910038F0E8 /* GPAiOS */ = {
			isa = PBXNativeTarget;
			buildConfigurationList = 955B72901A1B40910038F0E8 /* Build configuration list for PBXNativeTarget "GPAiOS" */;
			buildPhases = (
				955B72691A1B40910038F0E8 /* Sources */,
				955B726A1A1B40910038F0E8 /* Frameworks */,
				955B726B1A1B40910038F0E8 /* Resources */,
			);
			buildRules = (
			);
			dependencies = (
			);
			name = GPAiOS;
			productName = GPAiOS;
			productReference = 955B726D1A1B40910038F0E8 /* GPAiOS.app */;
			productType = "com.apple.product-type.application";
		};
		955B72851A1B40910038F0E8 /* GPAiOSTests */ = {
			isa = PBXNativeTarget;
			buildConfigurationList = 955B72931A1B40910038F0E8 /* Build configuration list for PBXNativeTarget "GPAiOSTests" */;
			buildPhases = (
				955B72821A1B40910038F0E8 /* Sources */,
				955B72831A1B40910038F0E8 /* Frameworks */,
				955B72841A1B40910038F0E8 /* Resources */,
			);
			buildRules = (
			);
			dependencies = (
				955B72881A1B40910038F0E8 /* PBXTargetDependency */,
			);
			name = GPAiOSTests;
			productName = GPAiOSTests;
			productReference = 955B72861A1B40910038F0E8 /* GPAiOSTests.xctest */;
			productType = "com.apple.product-type.bundle.unit-test";
		};
/* End PBXNativeTarget section */

/* Begin PBXProject section */
		955B72651A1B40910038F0E8 /* Project object */ = {
			isa = PBXProject;
			attributes = {
				LastUpgradeCheck = 0610;
				ORGANIZATIONNAME = MattChupp;
				TargetAttributes = {
					955B726C1A1B40910038F0E8 = {
						CreatedOnToolsVersion = 6.1;
					};
					955B72851A1B40910038F0E8 = {
						CreatedOnToolsVersion = 6.1;
						TestTargetID = 955B726C1A1B40910038F0E8;
					};
				};
			};
			buildConfigurationList = 955B72681A1B40910038F0E8 /* Build configuration list for PBXProject "GPAiOS" */;
			compatibilityVersion = "Xcode 3.2";
			developmentRegion = English;
			hasScannedForEncodings = 0;
			knownRegions = (
				en,
				Base,
			);
			mainGroup = 955B72641A1B40910038F0E8;
			productRefGroup = 955B726E1A1B40910038F0E8 /* Products */;
			projectDirPath = "";
			projectRoot = "";
			targets = (
				955B726C1A1B40910038F0E8 /* GPAiOS */,
				955B72851A1B40910038F0E8 /* GPAiOSTests */,
			);
		};
/* End PBXProject section */

/* Begin PBXResourcesBuildPhase section */
		955B726B1A1B40910038F0E8 /* Resources */ = {
			isa = PBXResourcesBuildPhase;
			buildActionMask = 2147483647;
			files = (
				955B727C1A1B40910038F0E8 /* Main.storyboard in Resources */,
				955B72811A1B40910038F0E8 /* LaunchScreen.xib in Resources */,
				955B727E1A1B40910038F0E8 /* Images.xcassets in Resources */,
			);
			runOnlyForDeploymentPostprocessing = 0;
		};
		955B72841A1B40910038F0E8 /* Resources */ = {
			isa = PBXResourcesBuildPhase;
			buildActionMask = 2147483647;
			files = (
			);
			runOnlyForDeploymentPostprocessing = 0;
		};
/* End PBXResourcesBuildPhase section */

/* Begin PBXSourcesBuildPhase section */
		955B72691A1B40910038F0E8 /* Sources */ = {
			isa = PBXSourcesBuildPhase;
			buildActionMask = 2147483647;
			files = (
				955B72791A1B40910038F0E8 /* ViewController.m in Sources */,
				955B72761A1B40910038F0E8 /* AppDelegate.m in Sources */,
				958E069F1A1B461A0074AA63 /* gpaClass.m in Sources */,
				955B72731A1B40910038F0E8 /* main.m in Sources */,
				95F2CFBF1A1D19B800719560 /* gradeConverter.m in Sources */,
			);
			runOnlyForDeploymentPostprocessing = 0;
		};
		955B72821A1B40910038F0E8 /* Sources */ = {
			isa = PBXSourcesBuildPhase;
			buildActionMask = 2147483647;
			files = (
				955B728D1A1B40910038F0E8 /* GPAiOSTests.m in Sources */,
			);
			runOnlyForDeploymentPostprocessing = 0;
		};
/* End PBXSourcesBuildPhase section */

/* Begin PBXTargetDependency section */
		955B72881A1B40910038F0E8 /* PBXTargetDependency */ = {
			isa = PBXTargetDependency;
			target = 955B726C1A1B40910038F0E8 /* GPAiOS */;
			targetProxy = 955B72871A1B40910038F0E8 /* PBXContainerItemProxy */;
		};
/* End PBXTargetDependency section */

/* Begin PBXVariantGroup section */
		955B727A1A1B40910038F0E8 /* Main.storyboard */ = {
			isa = PBXVariantGroup;
			children = (
				955B727B1A1B40910038F0E8 /* Base */,
			);
			name = Main.storyboard;
			sourceTree = "<group>";
		};
		955B727F1A1B40910038F0E8 /* LaunchScreen.xib */ = {
			isa = PBXVariantGroup;
			children = (
				955B72801A1B40910038F0E8 /* Base */,
			);
			name = LaunchScreen.xib;
			sourceTree = "<group>";
		};
/* End PBXVariantGroup section */

/* Begin XCBuildConfiguration section */
		955B728E1A1B40910038F0E8 /* Debug */ = {
			isa = XCBuildConfiguration;
			buildSettings = {
				ALWAYS_SEARCH_USER_PATHS = NO;
				CLANG_CXX_LANGUAGE_STANDARD = "gnu++0x";
				CLANG_CXX_LIBRARY = "libc++";
				CLANG_ENABLE_MODULES = YES;
				CLANG_ENABLE_OBJC_ARC = YES;
				CLANG_WARN_BOOL_CONVERSION = YES;
				CLANG_WARN_CONSTANT_CONVERSION = YES;
				CLANG_WARN_DIRECT_OBJC_ISA_USAGE = YES_ERROR;
				CLANG_WARN_EMPTY_BODY = YES;
				CLANG_WARN_ENUM_CONVERSION = YES;
				CLANG_WARN_INT_CONVERSION = YES;
				CLANG_WARN_OBJC_ROOT_CLASS = YES_ERROR;
				CLANG_WARN_UNREACHABLE_CODE = YES;
				CLANG_WARN__DUPLICATE_METHOD_MATCH = YES;
				"CODE_SIGN_IDENTITY[sdk=iphoneos*]" = "iPhone Developer";
				COPY_PHASE_STRIP = NO;
				ENABLE_STRICT_OBJC_MSGSEND = YES;
				GCC_C_LANGUAGE_STANDARD = gnu99;
				GCC_DYNAMIC_NO_PIC = NO;
				GCC_OPTIMIZATION_LEVEL = 0;
				GCC_PREPROCESSOR_DEFINITIONS = (
					"DEBUG=1",
					"$(inherited)",
				);
				GCC_SYMBOLS_PRIVATE_EXTERN = NO;
				GCC_WARN_64_TO_32_BIT_CONVERSION = YES;
				GCC_WARN_ABOUT_RETURN_TYPE = YES_ERROR;
				GCC_WARN_UNDECLARED_SELECTOR = YES;
				GCC_WARN_UNINITIALIZED_AUTOS = YES_AGGRESSIVE;
				GCC_WARN_UNUSED_FUNCTION = YES;
				GCC_WARN_UNUSED_VARIABLE = YES;
				IPHONEOS_DEPLOYMENT_TARGET = 8.1;
				MTL_ENABLE_DEBUG_INFO = YES;
				ONLY_ACTIVE_ARCH = YES;
				SDKROOT = iphoneos;
			};
			name = Debug;
		};
		955B728F1A1B40910038F0E8 /* Release */ = {
			isa = XCBuildConfiguration;
			buildSettings = {
				ALWAYS_SEARCH_USER_PATHS = NO;
				CLANG_CXX_LANGUAGE_STANDARD = "gnu++0x";
				CLANG_CXX_LIBRARY = "libc++";
				CLANG_ENABLE_MODULES = YES;
				CLANG_ENABLE_OBJC_ARC = YES;
				CLANG_WARN_BOOL_CONVERSION = YES;
				CLANG_WARN_CONSTANT_CONVERSION = YES;
				CLANG_WARN_DIRECT_OBJC_ISA_USAGE = YES_ERROR;
				CLANG_WARN_EMPTY_BODY = YES;
				CLANG_WARN_ENUM_CONVERSION = YES;
				CLANG_WARN_INT_CONVERSION = YES;
				CLANG_WARN_OBJC_ROOT_CLASS = YES_ERROR;
				CLANG_WARN_UNREACHABLE_CODE = YES;
				CLANG_WARN__DUPLICATE_METHOD_MATCH = YES;
				"CODE_SIGN_IDENTITY[sdk=iphoneos*]" = "iPhone Developer";
				COPY_PHASE_STRIP = YES;
				ENABLE_NS_ASSERTIONS = NO;
				ENABLE_STRICT_OBJC_MSGSEND = YES;
				GCC_C_LANGUAGE_STANDARD = gnu99;
				GCC_WARN_64_TO_32_BIT_CONVERSION = YES;
				GCC_WARN_ABOUT_RETURN_TYPE = YES_ERROR;
				GCC_WARN_UNDECLARED_SELECTOR = YES;
				GCC_WARN_UNINITIALIZED_AUTOS = YES_AGGRESSIVE;
				GCC_WARN_UNUSED_FUNCTION = YES;
				GCC_WARN_UNUSED_VARIABLE = YES;
				IPHONEOS_DEPLOYMENT_TARGET = 8.1;
				MTL_ENABLE_DEBUG_INFO = NO;
				SDKROOT = iphoneos;
				VALIDATE_PRODUCT = YES;
			};
			name = Release;
		};
		955B72911A1B40910038F0E8 /* Debug */ = {
			isa = XCBuildConfiguration;
			buildSettings = {
				ASSETCATALOG_COMPILER_APPICON_NAME = AppIcon;
				CODE_SIGN_IDENTITY = "iPhone Developer";
				INFOPLIST_FILE = GPAiOS/Info.plist;
				IPHONEOS_DEPLOYMENT_TARGET = 8.1;
				LD_RUNPATH_SEARCH_PATHS = "$(inherited) @executable_path/Frameworks";
				PRODUCT_NAME = "$(TARGET_NAME)";
				TARGETED_DEVICE_FAMILY = 1;
			};
			name = Debug;
		};
		955B72921A1B40910038F0E8 /* Release */ = {
			isa = XCBuildConfiguration;
			buildSettings = {
				ASSETCATALOG_COMPILER_APPICON_NAME = AppIcon;
				CODE_SIGN_IDENTITY = "iPhone Developer";
				INFOPLIST_FILE = GPAiOS/Info.plist;
				IPHONEOS_DEPLOYMENT_TARGET = 8.1;
				LD_RUNPATH_SEARCH_PATHS = "$(inherited) @executable_path/Frameworks";
				PRODUCT_NAME = "$(TARGET_NAME)";
				TARGETED_DEVICE_FAMILY = 1;
			};
			name = Release;
		};
		955B72941A1B40910038F0E8 /* Debug */ = {
			isa = XCBuildConfiguration;
			buildSettings = {
				BUNDLE_LOADER = "$(TEST_HOST)";
				FRAMEWORK_SEARCH_PATHS = (
					"$(SDKROOT)/Developer/Library/Frameworks",
					"$(inherited)",
				);
				GCC_PREPROCESSOR_DEFINITIONS = (
					"DEBUG=1",
					"$(inherited)",
				);
				INFOPLIST_FILE = GPAiOSTests/Info.plist;
				LD_RUNPATH_SEARCH_PATHS = "$(inherited) @executable_path/Frameworks @loader_path/Frameworks";
				PRODUCT_NAME = "$(TARGET_NAME)";
				TEST_HOST = "$(BUILT_PRODUCTS_DIR)/GPAiOS.app/GPAiOS";
			};
			name = Debug;
		};
		955B72951A1B40910038F0E8 /* Release */ = {
			isa = XCBuildConfiguration;
			buildSettings = {
				BUNDLE_LOADER = "$(TEST_HOST)";
				FRAMEWORK_SEARCH_PATHS = (
					"$(SDKROOT)/Developer/Library/Frameworks",
					"$(inherited)",
				);
				INFOPLIST_FILE = GPAiOSTests/Info.plist;
				LD_RUNPATH_SEARCH_PATHS = "$(inherited) @executable_path/Frameworks @loader_path/Frameworks";
				PRODUCT_NAME = "$(TARGET_NAME)";
				TEST_HOST = "$(BUILT_PRODUCTS_DIR)/GPAiOS.app/GPAiOS";
			};
			name = Release;
		};
/* End XCBuildConfiguration section */

/* Begin XCConfigurationList section */
		955B72681A1B40910038F0E8 /* Build configuration list for PBXProject "GPAiOS" */ = {
			isa = XCConfigurationList;
			buildConfigurations = (
				955B728E1A1B40910038F0E8 /* Debug */,
				955B728F1A1B40910038F0E8 /* Release */,
			);
			defaultConfigurationIsVisible = 0;
			defaultConfigurationName = Release;
		};
		955B72901A1B40910038F0E8 /* Build configuration list for PBXNativeTarget "GPAiOS" */ = {
			isa = XCConfigurationList;
			buildConfigurations = (
				955B72911A1B40910038F0E8 /* Debug */,
				955B72921A1B40910038F0E8 /* Release */,
			);
			defaultConfigurationIsVisible = 0;
			defaultConfigurationName = Release;
		};
		955B72931A1B40910038F0E8 /* Build configuration list for PBXNativeTarget "GPAiOSTests" */ = {
			isa = XCConfigurationList;
			buildConfigurations = (
				955B72941A1B40910038F0E8 /* Debug */,
				955B72951A1B40910038F0E8 /* Release */,
			);
			defaultConfigurationIsVisible = 0;
			defaultConfigurationName = Release;
		};
/* End XCConfigurationList section */
	};
	rootObject = 955B72651A1B40910038F0E8 /* Project object */;
}
